// !$*UTF8*$!
{
	archiveVersion = 1;
	classes = {
	};
	objectVersion = 46;
	objects = {

/* Begin PBXBuildFile section */
		B767CC9A1D2DFF1B000306D0 /* main.m in Sources */ = {isa = PBXBuildFile; fileRef = B767CC991D2DFF1B000306D0 /* main.m */; };
		B767CC9D1D2DFF1B000306D0 /* AppDelegate.m in Sources */ = {isa = PBXBuildFile; fileRef = B767CC9C1D2DFF1B000306D0 /* AppDelegate.m */; };
		B767CCA01D2DFF1B000306D0 /* ViewController.m in Sources */ = {isa = PBXBuildFile; fileRef = B767CC9F1D2DFF1B000306D0 /* ViewController.m */; };
		B767CCA31D2DFF1B000306D0 /* Main.storyboard in Resources */ = {isa = PBXBuildFile; fileRef = B767CCA11D2DFF1B000306D0 /* Main.storyboard */; };
		B767CCA51D2DFF1B000306D0 /* Assets.xcassets in Resources */ = {isa = PBXBuildFile; fileRef = B767CCA41D2DFF1B000306D0 /* Assets.xcassets */; };
		B767CCA81D2DFF1B000306D0 /* LaunchScreen.storyboard in Resources */ = {isa = PBXBuildFile; fileRef = B767CCA61D2DFF1B000306D0 /* LaunchScreen.storyboard */; };
		B767CCB11D2E07F5000306D0 /* IYQBaseAnimationVC.m in Sources */ = {isa = PBXBuildFile; fileRef = B767CCB01D2E07F5000306D0 /* IYQBaseAnimationVC.m */; };
		B767CCB41D2F40C3000306D0 /* IYQSuspensionVC.m in Sources */ = {isa = PBXBuildFile; fileRef = B767CCB31D2F40C3000306D0 /* IYQSuspensionVC.m */; };
		B767CCB81D2F4A4B000306D0 /* IYQSuspensionBtnView.m in Sources */ = {isa = PBXBuildFile; fileRef = B767CCB71D2F4A4B000306D0 /* IYQSuspensionBtnView.m */; };
		B77E029C1D41BC4F005C3DB3 /* IYQPraiseViewController.m in Sources */ = {isa = PBXBuildFile; fileRef = B77E029B1D41BC4F005C3DB3 /* IYQPraiseViewController.m */; };
		B77E02A01D41C796005C3DB3 /* IYQPraiseBtn.m in Sources */ = {isa = PBXBuildFile; fileRef = B77E029F1D41C796005C3DB3 /* IYQPraiseBtn.m */; };
		B7803F3E1D4216BA0079F02A /* IYQLoadAnimationVC.m in Sources */ = {isa = PBXBuildFile; fileRef = B7803F3D1D4216BA0079F02A /* IYQLoadAnimationVC.m */; };
		B7803F411D4226370079F02A /* IYQLoadViewOne.m in Sources */ = {isa = PBXBuildFile; fileRef = B7803F401D4226370079F02A /* IYQLoadViewOne.m */; };
		B7803F451D4229880079F02A /* IYQTransitionVC.m in Sources */ = {isa = PBXBuildFile; fileRef = B7803F441D4229880079F02A /* IYQTransitionVC.m */; };
/* End PBXBuildFile section */

/* Begin PBXFileReference section */
		B767CC951D2DFF1B000306D0 /* SummaryAnimation.app */ = {isa = PBXFileReference; explicitFileType = wrapper.application; includeInIndex = 0; path = SummaryAnimation.app; sourceTree = BUILT_PRODUCTS_DIR; };
		B767CC991D2DFF1B000306D0 /* main.m */ = {isa = PBXFileReference; lastKnownFileType = sourcecode.c.objc; path = main.m; sourceTree = "<group>"; };
		B767CC9B1D2DFF1B000306D0 /* AppDelegate.h */ = {isa = PBXFileReference; lastKnownFileType = sourcecode.c.h; path = AppDelegate.h; sourceTree = "<group>"; };
		B767CC9C1D2DFF1B000306D0 /* AppDelegate.m */ = {isa = PBXFileReference; lastKnownFileType = sourcecode.c.objc; path = AppDelegate.m; sourceTree = "<group>"; };
		B767CC9E1D2DFF1B000306D0 /* ViewController.h */ = {isa = PBXFileReference; lastKnownFileType = sourcecode.c.h; path = ViewController.h; sourceTree = "<group>"; };
		B767CC9F1D2DFF1B000306D0 /* ViewController.m */ = {isa = PBXFileReference; lastKnownFileType = sourcecode.c.objc; path = ViewController.m; sourceTree = "<group>"; };
		B767CCA21D2DFF1B000306D0 /* Base */ = {isa = PBXFileReference; lastKnownFileType = file.storyboard; name = Base; path = Base.lproj/Main.storyboard; sourceTree = "<group>"; };
		B767CCA41D2DFF1B000306D0 /* Assets.xcassets */ = {isa = PBXFileReference; lastKnownFileType = folder.assetcatalog; path = Assets.xcassets; sourceTree = "<group>"; };
		B767CCA71D2DFF1B000306D0 /* Base */ = {isa = PBXFileReference; lastKnownFileType = file.storyboard; name = Base; path = Base.lproj/LaunchScreen.storyboard; sourceTree = "<group>"; };
		B767CCA91D2DFF1B000306D0 /* Info.plist */ = {isa = PBXFileReference; lastKnownFileType = text.plist.xml; path = Info.plist; sourceTree = "<group>"; };
		B767CCAF1D2E07F5000306D0 /* IYQBaseAnimationVC.h */ = {isa = PBXFileReference; fileEncoding = 4; lastKnownFileType = sourcecode.c.h; path = IYQBaseAnimationVC.h; sourceTree = "<group>"; };
		B767CCB01D2E07F5000306D0 /* IYQBaseAnimationVC.m */ = {isa = PBXFileReference; fileEncoding = 4; lastKnownFileType = sourcecode.c.objc; path = IYQBaseAnimationVC.m; sourceTree = "<group>"; };
		B767CCB21D2F40C3000306D0 /* IYQSuspensionVC.h */ = {isa = PBXFileReference; fileEncoding = 4; lastKnownFileType = sourcecode.c.h; path = IYQSuspensionVC.h; sourceTree = "<group>"; };
		B767CCB31D2F40C3000306D0 /* IYQSuspensionVC.m */ = {isa = PBXFileReference; fileEncoding = 4; lastKnownFileType = sourcecode.c.objc; path = IYQSuspensionVC.m; sourceTree = "<group>"; };
		B767CCB61D2F4A4B000306D0 /* IYQSuspensionBtnView.h */ = {isa = PBXFileReference; fileEncoding = 4; lastKnownFileType = sourcecode.c.h; path = IYQSuspensionBtnView.h; sourceTree = "<group>"; };
		B767CCB71D2F4A4B000306D0 /* IYQSuspensionBtnView.m */ = {isa = PBXFileReference; fileEncoding = 4; lastKnownFileType = sourcecode.c.objc; path = IYQSuspensionBtnView.m; sourceTree = "<group>"; };
		B77E029A1D41BC4F005C3DB3 /* IYQPraiseViewController.h */ = {isa = PBXFileReference; fileEncoding = 4; lastKnownFileType = sourcecode.c.h; path = IYQPraiseViewController.h; sourceTree = "<group>"; };
		B77E029B1D41BC4F005C3DB3 /* IYQPraiseViewController.m */ = {isa = PBXFileReference; fileEncoding = 4; lastKnownFileType = sourcecode.c.objc; path = IYQPraiseViewController.m; sourceTree = "<group>"; };
		B77E029E1D41C796005C3DB3 /* IYQPraiseBtn.h */ = {isa = PBXFileReference; fileEncoding = 4; lastKnownFileType = sourcecode.c.h; path = IYQPraiseBtn.h; sourceTree = "<group>"; };
		B77E029F1D41C796005C3DB3 /* IYQPraiseBtn.m */ = {isa = PBXFileReference; fileEncoding = 4; lastKnownFileType = sourcecode.c.objc; path = IYQPraiseBtn.m; sourceTree = "<group>"; };
		B7803F3C1D4216BA0079F02A /* IYQLoadAnimationVC.h */ = {isa = PBXFileReference; fileEncoding = 4; lastKnownFileType = sourcecode.c.h; path = IYQLoadAnimationVC.h; sourceTree = "<group>"; };
		B7803F3D1D4216BA0079F02A /* IYQLoadAnimationVC.m */ = {isa = PBXFileReference; fileEncoding = 4; lastKnownFileType = sourcecode.c.objc; path = IYQLoadAnimationVC.m; sourceTree = "<group>"; };
		B7803F3F1D4226370079F02A /* IYQLoadViewOne.h */ = {isa = PBXFileReference; fileEncoding = 4; lastKnownFileType = sourcecode.c.h; path = IYQLoadViewOne.h; sourceTree = "<group>"; };
		B7803F401D4226370079F02A /* IYQLoadViewOne.m */ = {isa = PBXFileReference; fileEncoding = 4; lastKnownFileType = sourcecode.c.objc; path = IYQLoadViewOne.m; sourceTree = "<group>"; };
		B7803F431D4229880079F02A /* IYQTransitionVC.h */ = {isa = PBXFileReference; fileEncoding = 4; lastKnownFileType = sourcecode.c.h; path = IYQTransitionVC.h; sourceTree = "<group>"; };
		B7803F441D4229880079F02A /* IYQTransitionVC.m */ = {isa = PBXFileReference; fileEncoding = 4; lastKnownFileType = sourcecode.c.objc; path = IYQTransitionVC.m; sourceTree = "<group>"; };
/* End PBXFileReference section */

/* Begin PBXFrameworksBuildPhase section */
		B767CC921D2DFF1B000306D0 /* Frameworks */ = {
			isa = PBXFrameworksBuildPhase;
			buildActionMask = 2147483647;
			files = (
			);
			runOnlyForDeploymentPostprocessing = 0;
		};
/* End PBXFrameworksBuildPhase section */

/* Begin PBXGroup section */
		B767CC8C1D2DFF1B000306D0 = {
			isa = PBXGroup;
			children = (
				B767CC971D2DFF1B000306D0 /* SummaryAnimation */,
				B767CC961D2DFF1B000306D0 /* Products */,
			);
			sourceTree = "<group>";
		};
		B767CC961D2DFF1B000306D0 /* Products */ = {
			isa = PBXGroup;
			children = (
				B767CC951D2DFF1B000306D0 /* SummaryAnimation.app */,
			);
			name = Products;
			sourceTree = "<group>";
		};
		B767CC971D2DFF1B000306D0 /* SummaryAnimation */ = {
			isa = PBXGroup;
			children = (
				B7803F421D4229560079F02A /* 过渡动画集 */,
				B7803F3B1D42168D0079F02A /* 加载动画集 */,
				B77E029D1D41BC5A005C3DB3 /* 点赞 */,
				B77E02991D41BC0C005C3DB3 /* 基础动画 */,
				B767CCB51D2F40D3000306D0 /* 悬浮按钮 */,
				B767CC9B1D2DFF1B000306D0 /* AppDelegate.h */,
				B767CC9C1D2DFF1B000306D0 /* AppDelegate.m */,
				B767CC9E1D2DFF1B000306D0 /* ViewController.h */,
				B767CC9F1D2DFF1B000306D0 /* ViewController.m */,
				B767CCA11D2DFF1B000306D0 /* Main.storyboard */,
				B767CCA41D2DFF1B000306D0 /* Assets.xcassets */,
				B767CCA61D2DFF1B000306D0 /* LaunchScreen.storyboard */,
				B767CCA91D2DFF1B000306D0 /* Info.plist */,
				B767CC981D2DFF1B000306D0 /* Supporting Files */,
			);
			path = SummaryAnimation;
			sourceTree = "<group>";
		};
		B767CC981D2DFF1B000306D0 /* Supporting Files */ = {
			isa = PBXGroup;
			children = (
				B767CC991D2DFF1B000306D0 /* main.m */,
			);
			name = "Supporting Files";
			sourceTree = "<group>";
		};
		B767CCB51D2F40D3000306D0 /* 悬浮按钮 */ = {
			isa = PBXGroup;
			children = (
				B767CCB21D2F40C3000306D0 /* IYQSuspensionVC.h */,
				B767CCB31D2F40C3000306D0 /* IYQSuspensionVC.m */,
				B767CCB61D2F4A4B000306D0 /* IYQSuspensionBtnView.h */,
				B767CCB71D2F4A4B000306D0 /* IYQSuspensionBtnView.m */,
			);
			name = "悬浮按钮";
			sourceTree = "<group>";
		};
		B77E02991D41BC0C005C3DB3 /* 基础动画 */ = {
			isa = PBXGroup;
			children = (
				B767CCAF1D2E07F5000306D0 /* IYQBaseAnimationVC.h */,
				B767CCB01D2E07F5000306D0 /* IYQBaseAnimationVC.m */,
			);
			name = "基础动画";
			sourceTree = "<group>";
		};
		B77E029D1D41BC5A005C3DB3 /* 点赞 */ = {
			isa = PBXGroup;
			children = (
				B77E029A1D41BC4F005C3DB3 /* IYQPraiseViewController.h */,
				B77E029B1D41BC4F005C3DB3 /* IYQPraiseViewController.m */,
				B77E029E1D41C796005C3DB3 /* IYQPraiseBtn.h */,
				B77E029F1D41C796005C3DB3 /* IYQPraiseBtn.m */,
			);
			name = "点赞";
			sourceTree = "<group>";
		};
		B7803F3B1D42168D0079F02A /* 加载动画集 */ = {
			isa = PBXGroup;
			children = (
				B7803F3C1D4216BA0079F02A /* IYQLoadAnimationVC.h */,
				B7803F3D1D4216BA0079F02A /* IYQLoadAnimationVC.m */,
				B7803F3F1D4226370079F02A /* IYQLoadViewOne.h */,
				B7803F401D4226370079F02A /* IYQLoadViewOne.m */,
			);
			name = "加载动画集";
			sourceTree = "<group>";
		};
		B7803F421D4229560079F02A /* 过渡动画集 */ = {
			isa = PBXGroup;
			children = (
				B7803F431D4229880079F02A /* IYQTransitionVC.h */,
				B7803F441D4229880079F02A /* IYQTransitionVC.m */,
			);
			name = "过渡动画集";
			sourceTree = "<group>";
		};
/* End PBXGroup section */

/* Begin PBXNativeTarget section */
		B767CC941D2DFF1B000306D0 /* SummaryAnimation */ = {
			isa = PBXNativeTarget;
			buildConfigurationList = B767CCAC1D2DFF1B000306D0 /* Build configuration list for PBXNativeTarget "SummaryAnimation" */;
			buildPhases = (
				B767CC911D2DFF1B000306D0 /* Sources */,
				B767CC921D2DFF1B000306D0 /* Frameworks */,
				B767CC931D2DFF1B000306D0 /* Resources */,
			);
			buildRules = (
			);
			dependencies = (
			);
			name = SummaryAnimation;
			productName = SummaryAnimation;
			productReference = B767CC951D2DFF1B000306D0 /* SummaryAnimation.app */;
			productType = "com.apple.product-type.application";
		};
/* End PBXNativeTarget section */

/* Begin PBXProject section */
		B767CC8D1D2DFF1B000306D0 /* Project object */ = {
			isa = PBXProject;
			attributes = {
				CLASSPREFIX = IYQ;
				LastUpgradeCheck = 0730;
				ORGANIZATIONNAME = gongyouqiang;
				TargetAttributes = {
					B767CC941D2DFF1B000306D0 = {
						CreatedOnToolsVersion = 7.3.1;
						DevelopmentTeam = 229U5KUWGH;
					};
				};
			};
			buildConfigurationList = B767CC901D2DFF1B000306D0 /* Build configuration list for PBXProject "SummaryAnimation" */;
			compatibilityVersion = "Xcode 3.2";
			developmentRegion = English;
			hasScannedForEncodings = 0;
			knownRegions = (
				en,
				Base,
			);
			mainGroup = B767CC8C1D2DFF1B000306D0;
			productRefGroup = B767CC961D2DFF1B000306D0 /* Products */;
			projectDirPath = "";
			projectRoot = "";
			targets = (
				B767CC941D2DFF1B000306D0 /* SummaryAnimation */,
			);
		};
/* End PBXProject section */

/* Begin PBXResourcesBuildPhase section */
		B767CC931D2DFF1B000306D0 /* Resources */ = {
			isa = PBXResourcesBuildPhase;
			buildActionMask = 2147483647;
			files = (
				B767CCA81D2DFF1B000306D0 /* LaunchScreen.storyboard in Resources */,
				B767CCA51D2DFF1B000306D0 /* Assets.xcassets in Resources */,
				B767CCA31D2DFF1B000306D0 /* Main.storyboard in Resources */,
			);
			runOnlyForDeploymentPostprocessing = 0;
		};
/* End PBXResourcesBuildPhase section */

/* Begin PBXSourcesBuildPhase section */
		B767CC911D2DFF1B000306D0 /* Sources */ = {
			isa = PBXSourcesBuildPhase;
			buildActionMask = 2147483647;
			files = (
				B767CCB81D2F4A4B000306D0 /* IYQSuspensionBtnView.m in Sources */,
				B767CCB41D2F40C3000306D0 /* IYQSuspensionVC.m in Sources */,
				B7803F451D4229880079F02A /* IYQTransitionVC.m in Sources */,
				B77E029C1D41BC4F005C3DB3 /* IYQPraiseViewController.m in Sources */,
				B7803F411D4226370079F02A /* IYQLoadViewOne.m in Sources */,
				B7803F3E1D4216BA0079F02A /* IYQLoadAnimationVC.m in Sources */,
				B767CCA01D2DFF1B000306D0 /* ViewController.m in Sources */,
				B77E02A01D41C796005C3DB3 /* IYQPraiseBtn.m in Sources */,
				B767CC9D1D2DFF1B000306D0 /* AppDelegate.m in Sources */,
				B767CCB11D2E07F5000306D0 /* IYQBaseAnimationVC.m in Sources */,
				B767CC9A1D2DFF1B000306D0 /* main.m in Sources */,
			);
			runOnlyForDeploymentPostprocessing = 0;
		};
/* End PBXSourcesBuildPhase section */

/* Begin PBXVariantGroup section */
		B767CCA11D2DFF1B000306D0 /* Main.storyboard */ = {
			isa = PBXVariantGroup;
			children = (
				B767CCA21D2DFF1B000306D0 /* Base */,
			);
			name = Main.storyboard;
			sourceTree = "<group>";
		};
		B767CCA61D2DFF1B000306D0 /* LaunchScreen.storyboard */ = {
			isa = PBXVariantGroup;
			children = (
				B767CCA71D2DFF1B000306D0 /* Base */,
			);
			name = LaunchScreen.storyboard;
			sourceTree = "<group>";
		};
/* End PBXVariantGroup section */

/* Begin XCBuildConfiguration section */
		B767CCAA1D2DFF1B000306D0 /* Debug */ = {
			isa = XCBuildConfiguration;
			buildSettings = {
				ALWAYS_SEARCH_USER_PATHS = NO;
				CLANG_ANALYZER_NONNULL = YES;
				CLANG_CXX_LANGUAGE_STANDARD = "gnu++0x";
				CLANG_CXX_LIBRARY = "libc++";
				CLANG_ENABLE_MODULES = YES;
				CLANG_ENABLE_OBJC_ARC = YES;
				CLANG_WARN_BOOL_CONVERSION = YES;
				CLANG_WARN_CONSTANT_CONVERSION = YES;
				CLANG_WARN_DIRECT_OBJC_ISA_USAGE = YES_ERROR;
				CLANG_WARN_EMPTY_BODY = YES;
				CLANG_WARN_ENUM_CONVERSION = YES;
				CLANG_WARN_INT_CONVERSION = YES;
				CLANG_WARN_OBJC_ROOT_CLASS = YES_ERROR;
				CLANG_WARN_UNREACHABLE_CODE = YES;
				CLANG_WARN__DUPLICATE_METHOD_MATCH = YES;
				"CODE_SIGN_IDENTITY[sdk=iphoneos*]" = "iPhone Developer";
				COPY_PHASE_STRIP = NO;
				DEBUG_INFORMATION_FORMAT = dwarf;
				ENABLE_STRICT_OBJC_MSGSEND = YES;
				ENABLE_TESTABILITY = YES;
				GCC_C_LANGUAGE_STANDARD = gnu99;
				GCC_DYNAMIC_NO_PIC = NO;
				GCC_NO_COMMON_BLOCKS = YES;
				GCC_OPTIMIZATION_LEVEL = 0;
				GCC_PREPROCESSOR_DEFINITIONS = (
					"DEBUG=1",
					"$(inherited)",
				);
				GCC_WARN_64_TO_32_BIT_CONVERSION = YES;
				GCC_WARN_ABOUT_RETURN_TYPE = YES_ERROR;
				GCC_WARN_UNDECLARED_SELECTOR = YES;
				GCC_WARN_UNINITIALIZED_AUTOS = YES_AGGRESSIVE;
				GCC_WARN_UNUSED_FUNCTION = YES;
				GCC_WARN_UNUSED_VARIABLE = YES;
				IPHONEOS_DEPLOYMENT_TARGET = 9.3;
				MTL_ENABLE_DEBUG_INFO = YES;
				ONLY_ACTIVE_ARCH = YES;
				SDKROOT = iphoneos;
			};
			name = Debug;
		};
		B767CCAB1D2DFF1B000306D0 /* Release */ = {
			isa = XCBuildConfiguration;
			buildSettings = {
				ALWAYS_SEARCH_USER_PATHS = NO;
				CLANG_ANALYZER_NONNULL = YES;
				CLANG_CXX_LANGUAGE_STANDARD = "gnu++0x";
				CLANG_CXX_LIBRARY = "libc++";
				CLANG_ENABLE_MODULES = YES;
				CLANG_ENABLE_OBJC_ARC = YES;
				CLANG_WARN_BOOL_CONVERSION = YES;
				CLANG_WARN_CONSTANT_CONVERSION = YES;
				CLANG_WARN_DIRECT_OBJC_ISA_USAGE = YES_ERROR;
				CLANG_WARN_EMPTY_BODY = YES;
				CLANG_WARN_ENUM_CONVERSION = YES;
				CLANG_WARN_INT_CONVERSION = YES;
				CLANG_WARN_OBJC_ROOT_CLASS = YES_ERROR;
				CLANG_WARN_UNREACHABLE_CODE = YES;
				CLANG_WARN__DUPLICATE_METHOD_MATCH = YES;
				"CODE_SIGN_IDENTITY[sdk=iphoneos*]" = "iPhone Developer";
				COPY_PHASE_STRIP = NO;
				DEBUG_INFORMATION_FORMAT = "dwarf-with-dsym";
				ENABLE_NS_ASSERTIONS = NO;
				ENABLE_STRICT_OBJC_MSGSEND = YES;
				GCC_C_LANGUAGE_STANDARD = gnu99;
				GCC_NO_COMMON_BLOCKS = YES;
				GCC_WARN_64_TO_32_BIT_CONVERSION = YES;
				GCC_WARN_ABOUT_RETURN_TYPE = YES_ERROR;
				GCC_WARN_UNDECLARED_SELECTOR = YES;
				GCC_WARN_UNINITIALIZED_AUTOS = YES_AGGRESSIVE;
				GCC_WARN_UNUSED_FUNCTION = YES;
				GCC_WARN_UNUSED_VARIABLE = YES;
				IPHONEOS_DEPLOYMENT_TARGET = 9.3;
				MTL_ENABLE_DEBUG_INFO = NO;
				SDKROOT = iphoneos;
				VALIDATE_PRODUCT = YES;
			};
			name = Release;
		};
		B767CCAD1D2DFF1B000306D0 /* Debug */ = {
			isa = XCBuildConfiguration;
			buildSettings = {
				ASSETCATALOG_COMPILER_APPICON_NAME = AppIcon;
				INFOPLIST_FILE = SummaryAnimation/Info.plist;
				IPHONEOS_DEPLOYMENT_TARGET = 8.3;
				LD_RUNPATH_SEARCH_PATHS = "$(inherited) @executable_path/Frameworks";
				PRODUCT_BUNDLE_IDENTIFIER = com.iyouqiang.SummaryAnimation;
				PRODUCT_NAME = "$(TARGET_NAME)";
			};
			name = Debug;
		};
		B767CCAE1D2DFF1B000306D0 /* Release */ = {
			isa = XCBuildConfiguration;
			buildSettings = {
				ASSETCATALOG_COMPILER_APPICON_NAME = AppIcon;
				INFOPLIST_FILE = SummaryAnimation/Info.plist;
				IPHONEOS_DEPLOYMENT_TARGET = 8.3;
				LD_RUNPATH_SEARCH_PATHS = "$(inherited) @executable_path/Frameworks";
				PRODUCT_BUNDLE_IDENTIFIER = com.iyouqiang.SummaryAnimation;
				PRODUCT_NAME = "$(TARGET_NAME)";
			};
			name = Release;
		};
/* End XCBuildConfiguration section */

/* Begin XCConfigurationList section */
		B767CC901D2DFF1B000306D0 /* Build configuration list for PBXProject "SummaryAnimation" */ = {
			isa = XCConfigurationList;
			buildConfigurations = (
				B767CCAA1D2DFF1B000306D0 /* Debug */,
				B767CCAB1D2DFF1B000306D0 /* Release */,
			);
			defaultConfigurationIsVisible = 0;
			defaultConfigurationName = Release;
		};
		B767CCAC1D2DFF1B000306D0 /* Build configuration list for PBXNativeTarget "SummaryAnimation" */ = {
			isa = XCConfigurationList;
			buildConfigurations = (
				B767CCAD1D2DFF1B000306D0 /* Debug */,
				B767CCAE1D2DFF1B000306D0 /* Release */,
			);
			defaultConfigurationIsVisible = 0;
			defaultConfigurationName = Release;
		};
/* End XCConfigurationList section */
	};
	rootObject = B767CC8D1D2DFF1B000306D0 /* Project object */;
}
