// !$*UTF8*$!
{
	archiveVersion = 1;
	classes = {
	};
	objectVersion = 46;
	objects = {

/* Begin PBXBuildFile section */
		B710ABC81DD59E0600E22B1D /* IYQCollapseAnimator.m in Sources */ = {isa = PBXBuildFile; fileRef = B710ABC71DD59E0600E22B1D /* IYQCollapseAnimator.m */; };
		B710ABCB1DD5AABD00E22B1D /* IYQCollapseSecondVC.m in Sources */ = {isa = PBXBuildFile; fileRef = B710ABCA1DD5AABD00E22B1D /* IYQCollapseSecondVC.m */; };
		B710ABCF1DD5B8D700E22B1D /* IYQFireworksViewController.m in Sources */ = {isa = PBXBuildFile; fileRef = B710ABCE1DD5B8D700E22B1D /* IYQFireworksViewController.m */; };
		B71108481DE5825600D110B7 /* IYQMaskVC.m in Sources */ = {isa = PBXBuildFile; fileRef = B71108471DE5825600D110B7 /* IYQMaskVC.m */; };
		B711084C1DE6766700D110B7 /* IYQBezierPathVC.m in Sources */ = {isa = PBXBuildFile; fileRef = B711084B1DE6766700D110B7 /* IYQBezierPathVC.m */; };
		B71558941DD4048C00014DB5 /* IYQMainCollectionCell.m in Sources */ = {isa = PBXBuildFile; fileRef = B71558921DD4048C00014DB5 /* IYQMainCollectionCell.m */; };
		B71558951DD4048C00014DB5 /* IYQMainCollectionCell.xib in Resources */ = {isa = PBXBuildFile; fileRef = B71558931DD4048C00014DB5 /* IYQMainCollectionCell.xib */; };
		B71558981DD405BC00014DB5 /* IYQMainView.m in Sources */ = {isa = PBXBuildFile; fileRef = B71558971DD405BC00014DB5 /* IYQMainView.m */; };
		B71558AE1DD4111500014DB5 /* 1.jpg in Resources */ = {isa = PBXBuildFile; fileRef = B715589A1DD4111500014DB5 /* 1.jpg */; };
		B71558AF1DD4111500014DB5 /* 10.jpg in Resources */ = {isa = PBXBuildFile; fileRef = B715589B1DD4111500014DB5 /* 10.jpg */; };
		B71558B01DD4111500014DB5 /* 11.jpg in Resources */ = {isa = PBXBuildFile; fileRef = B715589C1DD4111500014DB5 /* 11.jpg */; };
		B71558B11DD4111500014DB5 /* 12.jpg in Resources */ = {isa = PBXBuildFile; fileRef = B715589D1DD4111500014DB5 /* 12.jpg */; };
		B71558B21DD4111500014DB5 /* 13.jpg in Resources */ = {isa = PBXBuildFile; fileRef = B715589E1DD4111500014DB5 /* 13.jpg */; };
		B71558B31DD4111500014DB5 /* 14.jpg in Resources */ = {isa = PBXBuildFile; fileRef = B715589F1DD4111500014DB5 /* 14.jpg */; };
		B71558B41DD4111500014DB5 /* 15.jpg in Resources */ = {isa = PBXBuildFile; fileRef = B71558A01DD4111500014DB5 /* 15.jpg */; };
		B71558B51DD4111500014DB5 /* 16.jpg in Resources */ = {isa = PBXBuildFile; fileRef = B71558A11DD4111500014DB5 /* 16.jpg */; };
		B71558B61DD4111500014DB5 /* 17.jpg in Resources */ = {isa = PBXBuildFile; fileRef = B71558A21DD4111500014DB5 /* 17.jpg */; };
		B71558B71DD4111500014DB5 /* 18.jpg in Resources */ = {isa = PBXBuildFile; fileRef = B71558A31DD4111500014DB5 /* 18.jpg */; };
		B71558B81DD4111500014DB5 /* 19.jpg in Resources */ = {isa = PBXBuildFile; fileRef = B71558A41DD4111500014DB5 /* 19.jpg */; };
		B71558B91DD4111500014DB5 /* 2.jpg in Resources */ = {isa = PBXBuildFile; fileRef = B71558A51DD4111500014DB5 /* 2.jpg */; };
		B71558BA1DD4111500014DB5 /* 20.jpg in Resources */ = {isa = PBXBuildFile; fileRef = B71558A61DD4111500014DB5 /* 20.jpg */; };
		B71558BB1DD4111500014DB5 /* 3.jpg in Resources */ = {isa = PBXBuildFile; fileRef = B71558A71DD4111500014DB5 /* 3.jpg */; };
		B71558BC1DD4111500014DB5 /* 4.jpg in Resources */ = {isa = PBXBuildFile; fileRef = B71558A81DD4111500014DB5 /* 4.jpg */; };
		B71558BD1DD4111500014DB5 /* 5.jpg in Resources */ = {isa = PBXBuildFile; fileRef = B71558A91DD4111500014DB5 /* 5.jpg */; };
		B71558BE1DD4111500014DB5 /* 6.jpg in Resources */ = {isa = PBXBuildFile; fileRef = B71558AA1DD4111500014DB5 /* 6.jpg */; };
		B71558BF1DD4111500014DB5 /* 7.jpg in Resources */ = {isa = PBXBuildFile; fileRef = B71558AB1DD4111500014DB5 /* 7.jpg */; };
		B71558C01DD4111500014DB5 /* 8.jpg in Resources */ = {isa = PBXBuildFile; fileRef = B71558AC1DD4111500014DB5 /* 8.jpg */; };
		B71558C11DD4111500014DB5 /* 9.jpg in Resources */ = {isa = PBXBuildFile; fileRef = B71558AD1DD4111500014DB5 /* 9.jpg */; };
		B71558C41DD428C700014DB5 /* IYQMainModel.m in Sources */ = {isa = PBXBuildFile; fileRef = B71558C31DD428C700014DB5 /* IYQMainModel.m */; };
		B71558C71DD44B0300014DB5 /* IYQBaseViewController.m in Sources */ = {isa = PBXBuildFile; fileRef = B71558C61DD44B0300014DB5 /* IYQBaseViewController.m */; };
		B71558CE1DD5650400014DB5 /* IYQFragmentViewController.m in Sources */ = {isa = PBXBuildFile; fileRef = B71558CD1DD5650400014DB5 /* IYQFragmentViewController.m */; };
		B73352051D938E8600321866 /* Default-568h@2x.png in Resources */ = {isa = PBXBuildFile; fileRef = B73352041D938E8600321866 /* Default-568h@2x.png */; };
		B73A47F01D55D5C700DDAB31 /* IYQWritingAnimationVC.m in Sources */ = {isa = PBXBuildFile; fileRef = B73A47EF1D55D5C700DDAB31 /* IYQWritingAnimationVC.m */; };
		B73A47F61D55DC1600DDAB31 /* UIBezierPath+YQWriteBezier.m in Sources */ = {isa = PBXBuildFile; fileRef = B73A47F51D55DC1600DDAB31 /* UIBezierPath+YQWriteBezier.m */; };
		B751202E1D5C2A1500D9EA15 /* IYQRadarViewController.m in Sources */ = {isa = PBXBuildFile; fileRef = B751202D1D5C2A1500D9EA15 /* IYQRadarViewController.m */; };
		B75120371D5D7E5F00D9EA15 /* IYQLauchTool.m in Sources */ = {isa = PBXBuildFile; fileRef = B75120361D5D7E5F00D9EA15 /* IYQLauchTool.m */; };
		B75120401D5DA6A800D9EA15 /* IYQAnimationView.m in Sources */ = {isa = PBXBuildFile; fileRef = B751203F1D5DA6A800D9EA15 /* IYQAnimationView.m */; };
		B75120431D5DA6D500D9EA15 /* IYQCircleLayer.m in Sources */ = {isa = PBXBuildFile; fileRef = B75120421D5DA6D500D9EA15 /* IYQCircleLayer.m */; };
		B75120461D5DA99B00D9EA15 /* UIColor+Hex.m in Sources */ = {isa = PBXBuildFile; fileRef = B75120451D5DA99B00D9EA15 /* UIColor+Hex.m */; };
		B75120491D5DB59100D9EA15 /* IYQTriangleLayer.m in Sources */ = {isa = PBXBuildFile; fileRef = B75120481D5DB59100D9EA15 /* IYQTriangleLayer.m */; };
		B75A3E9D1DE8286200B9CD2E /* IYQUIDynamicVC.m in Sources */ = {isa = PBXBuildFile; fileRef = B75A3E9C1DE8286200B9CD2E /* IYQUIDynamicVC.m */; };
		B76567791D640F9D00CDC2EA /* IYQFotoMosaikEddaVC.m in Sources */ = {isa = PBXBuildFile; fileRef = B76567781D640F9D00CDC2EA /* IYQFotoMosaikEddaVC.m */; };
		B767CC9A1D2DFF1B000306D0 /* main.m in Sources */ = {isa = PBXBuildFile; fileRef = B767CC991D2DFF1B000306D0 /* main.m */; };
		B767CC9D1D2DFF1B000306D0 /* AppDelegate.m in Sources */ = {isa = PBXBuildFile; fileRef = B767CC9C1D2DFF1B000306D0 /* AppDelegate.m */; };
		B767CCA01D2DFF1B000306D0 /* IYQMainViewController.m in Sources */ = {isa = PBXBuildFile; fileRef = B767CC9F1D2DFF1B000306D0 /* IYQMainViewController.m */; };
		B767CCA51D2DFF1B000306D0 /* Assets.xcassets in Resources */ = {isa = PBXBuildFile; fileRef = B767CCA41D2DFF1B000306D0 /* Assets.xcassets */; };
		B767CCB11D2E07F5000306D0 /* IYQBaseAnimationVC.m in Sources */ = {isa = PBXBuildFile; fileRef = B767CCB01D2E07F5000306D0 /* IYQBaseAnimationVC.m */; };
		B767CCB41D2F40C3000306D0 /* IYQSuspensionVC.m in Sources */ = {isa = PBXBuildFile; fileRef = B767CCB31D2F40C3000306D0 /* IYQSuspensionVC.m */; };
		B767CCB81D2F4A4B000306D0 /* IYQSuspensionBtnView.m in Sources */ = {isa = PBXBuildFile; fileRef = B767CCB71D2F4A4B000306D0 /* IYQSuspensionBtnView.m */; };
		B77DD7E11DEEBFF100D58E75 /* IYQDynamicDemoVC.m in Sources */ = {isa = PBXBuildFile; fileRef = B77DD7E01DEEBFF100D58E75 /* IYQDynamicDemoVC.m */; };
		B77DD7E41DEEC2BE00D58E75 /* IYQDynamicBaseView.m in Sources */ = {isa = PBXBuildFile; fileRef = B77DD7E31DEEC2BE00D58E75 /* IYQDynamicBaseView.m */; };
		B77DD7E71DEECFC300D58E75 /* IYQSnapView.m in Sources */ = {isa = PBXBuildFile; fileRef = B77DD7E61DEECFC300D58E75 /* IYQSnapView.m */; };
		B77DD7EA1DEED1D600D58E75 /* IYQPushView.m in Sources */ = {isa = PBXBuildFile; fileRef = B77DD7E91DEED1D600D58E75 /* IYQPushView.m */; };
		B77DD7ED1DEEE1E700D58E75 /* IYQAttachmentView.m in Sources */ = {isa = PBXBuildFile; fileRef = B77DD7EC1DEEE1E700D58E75 /* IYQAttachmentView.m */; };
		B77DD7F01DEFBBD200D58E75 /* IYQSpringView.m in Sources */ = {isa = PBXBuildFile; fileRef = B77DD7EF1DEFBBD200D58E75 /* IYQSpringView.m */; };
		B77DD7F31DEFBFD300D58E75 /* IYQCollisionView.m in Sources */ = {isa = PBXBuildFile; fileRef = B77DD7F21DEFBFD300D58E75 /* IYQCollisionView.m */; };
		B77E029C1D41BC4F005C3DB3 /* IYQPraiseViewController.m in Sources */ = {isa = PBXBuildFile; fileRef = B77E029B1D41BC4F005C3DB3 /* IYQPraiseViewController.m */; };
		B77E02A01D41C796005C3DB3 /* IYQPraiseBtn.m in Sources */ = {isa = PBXBuildFile; fileRef = B77E029F1D41C796005C3DB3 /* IYQPraiseBtn.m */; };
		B7803F3E1D4216BA0079F02A /* IYQLoadAnimationVC.m in Sources */ = {isa = PBXBuildFile; fileRef = B7803F3D1D4216BA0079F02A /* IYQLoadAnimationVC.m */; };
		B7803F411D4226370079F02A /* IYQLoadViewOne.m in Sources */ = {isa = PBXBuildFile; fileRef = B7803F401D4226370079F02A /* IYQLoadViewOne.m */; };
		B7803F451D4229880079F02A /* IYQTransitionVC.m in Sources */ = {isa = PBXBuildFile; fileRef = B7803F441D4229880079F02A /* IYQTransitionVC.m */; };
		B784DBBB1DE686CA00966F1A /* 1255547-6e54bd07f500e88d.jpeg in Resources */ = {isa = PBXBuildFile; fileRef = B784DBBA1DE686CA00966F1A /* 1255547-6e54bd07f500e88d.jpeg */; };
		B784DBBD1DE68A2400966F1A /* 1255547-99c1c61130607358.jpeg in Resources */ = {isa = PBXBuildFile; fileRef = B784DBBC1DE68A2400966F1A /* 1255547-99c1c61130607358.jpeg */; };
		B784DBBF1DE68A2800966F1A /* 1255547-2b7dbc9b577e6d57.jpeg in Resources */ = {isa = PBXBuildFile; fileRef = B784DBBE1DE68A2800966F1A /* 1255547-2b7dbc9b577e6d57.jpeg */; };
		B7C319A21D62A5DB00EAAB4E /* IYQRectangleLayer.m in Sources */ = {isa = PBXBuildFile; fileRef = B7C319A11D62A5DB00EAAB4E /* IYQRectangleLayer.m */; };
		B7C319A51D62ACCE00EAAB4E /* IYQWaterwaveLayer.m in Sources */ = {isa = PBXBuildFile; fileRef = B7C319A41D62ACCE00EAAB4E /* IYQWaterwaveLayer.m */; };
		B7C475991D6BE061001EF150 /* IYQSandClockView.m in Sources */ = {isa = PBXBuildFile; fileRef = B7C475981D6BE061001EF150 /* IYQSandClockView.m */; };
/* End PBXBuildFile section */

/* Begin PBXFileReference section */
		B710ABC61DD59E0600E22B1D /* IYQCollapseAnimator.h */ = {isa = PBXFileReference; fileEncoding = 4; lastKnownFileType = sourcecode.c.h; path = IYQCollapseAnimator.h; sourceTree = "<group>"; };
		B710ABC71DD59E0600E22B1D /* IYQCollapseAnimator.m */ = {isa = PBXFileReference; fileEncoding = 4; lastKnownFileType = sourcecode.c.objc; path = IYQCollapseAnimator.m; sourceTree = "<group>"; };
		B710ABC91DD5AABD00E22B1D /* IYQCollapseSecondVC.h */ = {isa = PBXFileReference; fileEncoding = 4; lastKnownFileType = sourcecode.c.h; path = IYQCollapseSecondVC.h; sourceTree = "<group>"; };
		B710ABCA1DD5AABD00E22B1D /* IYQCollapseSecondVC.m */ = {isa = PBXFileReference; fileEncoding = 4; lastKnownFileType = sourcecode.c.objc; path = IYQCollapseSecondVC.m; sourceTree = "<group>"; };
		B710ABCD1DD5B8D700E22B1D /* IYQFireworksViewController.h */ = {isa = PBXFileReference; fileEncoding = 4; lastKnownFileType = sourcecode.c.h; path = IYQFireworksViewController.h; sourceTree = "<group>"; };
		B710ABCE1DD5B8D700E22B1D /* IYQFireworksViewController.m */ = {isa = PBXFileReference; fileEncoding = 4; lastKnownFileType = sourcecode.c.objc; path = IYQFireworksViewController.m; sourceTree = "<group>"; };
		B71108461DE5825600D110B7 /* IYQMaskVC.h */ = {isa = PBXFileReference; fileEncoding = 4; lastKnownFileType = sourcecode.c.h; path = IYQMaskVC.h; sourceTree = "<group>"; };
		B71108471DE5825600D110B7 /* IYQMaskVC.m */ = {isa = PBXFileReference; fileEncoding = 4; lastKnownFileType = sourcecode.c.objc; path = IYQMaskVC.m; sourceTree = "<group>"; };
		B711084A1DE6766700D110B7 /* IYQBezierPathVC.h */ = {isa = PBXFileReference; fileEncoding = 4; lastKnownFileType = sourcecode.c.h; path = IYQBezierPathVC.h; sourceTree = "<group>"; };
		B711084B1DE6766700D110B7 /* IYQBezierPathVC.m */ = {isa = PBXFileReference; fileEncoding = 4; lastKnownFileType = sourcecode.c.objc; path = IYQBezierPathVC.m; sourceTree = "<group>"; };
		B71558911DD4048C00014DB5 /* IYQMainCollectionCell.h */ = {isa = PBXFileReference; fileEncoding = 4; lastKnownFileType = sourcecode.c.h; path = IYQMainCollectionCell.h; sourceTree = "<group>"; };
		B71558921DD4048C00014DB5 /* IYQMainCollectionCell.m */ = {isa = PBXFileReference; fileEncoding = 4; lastKnownFileType = sourcecode.c.objc; path = IYQMainCollectionCell.m; sourceTree = "<group>"; };
		B71558931DD4048C00014DB5 /* IYQMainCollectionCell.xib */ = {isa = PBXFileReference; fileEncoding = 4; lastKnownFileType = file.xib; path = IYQMainCollectionCell.xib; sourceTree = "<group>"; };
		B71558961DD405BC00014DB5 /* IYQMainView.h */ = {isa = PBXFileReference; fileEncoding = 4; lastKnownFileType = sourcecode.c.h; path = IYQMainView.h; sourceTree = "<group>"; };
		B71558971DD405BC00014DB5 /* IYQMainView.m */ = {isa = PBXFileReference; fileEncoding = 4; lastKnownFileType = sourcecode.c.objc; path = IYQMainView.m; sourceTree = "<group>"; };
		B715589A1DD4111500014DB5 /* 1.jpg */ = {isa = PBXFileReference; lastKnownFileType = image.jpeg; path = 1.jpg; sourceTree = "<group>"; };
		B715589B1DD4111500014DB5 /* 10.jpg */ = {isa = PBXFileReference; lastKnownFileType = image.jpeg; path = 10.jpg; sourceTree = "<group>"; };
		B715589C1DD4111500014DB5 /* 11.jpg */ = {isa = PBXFileReference; lastKnownFileType = image.jpeg; path = 11.jpg; sourceTree = "<group>"; };
		B715589D1DD4111500014DB5 /* 12.jpg */ = {isa = PBXFileReference; lastKnownFileType = image.jpeg; path = 12.jpg; sourceTree = "<group>"; };
		B715589E1DD4111500014DB5 /* 13.jpg */ = {isa = PBXFileReference; lastKnownFileType = image.jpeg; path = 13.jpg; sourceTree = "<group>"; };
		B715589F1DD4111500014DB5 /* 14.jpg */ = {isa = PBXFileReference; lastKnownFileType = image.jpeg; path = 14.jpg; sourceTree = "<group>"; };
		B71558A01DD4111500014DB5 /* 15.jpg */ = {isa = PBXFileReference; lastKnownFileType = image.jpeg; path = 15.jpg; sourceTree = "<group>"; };
		B71558A11DD4111500014DB5 /* 16.jpg */ = {isa = PBXFileReference; lastKnownFileType = image.jpeg; path = 16.jpg; sourceTree = "<group>"; };
		B71558A21DD4111500014DB5 /* 17.jpg */ = {isa = PBXFileReference; lastKnownFileType = image.jpeg; path = 17.jpg; sourceTree = "<group>"; };
		B71558A31DD4111500014DB5 /* 18.jpg */ = {isa = PBXFileReference; lastKnownFileType = image.jpeg; path = 18.jpg; sourceTree = "<group>"; };
		B71558A41DD4111500014DB5 /* 19.jpg */ = {isa = PBXFileReference; lastKnownFileType = image.jpeg; path = 19.jpg; sourceTree = "<group>"; };
		B71558A51DD4111500014DB5 /* 2.jpg */ = {isa = PBXFileReference; lastKnownFileType = image.jpeg; path = 2.jpg; sourceTree = "<group>"; };
		B71558A61DD4111500014DB5 /* 20.jpg */ = {isa = PBXFileReference; lastKnownFileType = image.jpeg; path = 20.jpg; sourceTree = "<group>"; };
		B71558A71DD4111500014DB5 /* 3.jpg */ = {isa = PBXFileReference; lastKnownFileType = image.jpeg; path = 3.jpg; sourceTree = "<group>"; };
		B71558A81DD4111500014DB5 /* 4.jpg */ = {isa = PBXFileReference; lastKnownFileType = image.jpeg; path = 4.jpg; sourceTree = "<group>"; };
		B71558A91DD4111500014DB5 /* 5.jpg */ = {isa = PBXFileReference; lastKnownFileType = image.jpeg; path = 5.jpg; sourceTree = "<group>"; };
		B71558AA1DD4111500014DB5 /* 6.jpg */ = {isa = PBXFileReference; lastKnownFileType = image.jpeg; path = 6.jpg; sourceTree = "<group>"; };
		B71558AB1DD4111500014DB5 /* 7.jpg */ = {isa = PBXFileReference; lastKnownFileType = image.jpeg; path = 7.jpg; sourceTree = "<group>"; };
		B71558AC1DD4111500014DB5 /* 8.jpg */ = {isa = PBXFileReference; lastKnownFileType = image.jpeg; path = 8.jpg; sourceTree = "<group>"; };
		B71558AD1DD4111500014DB5 /* 9.jpg */ = {isa = PBXFileReference; lastKnownFileType = image.jpeg; path = 9.jpg; sourceTree = "<group>"; };
		B71558C21DD428C700014DB5 /* IYQMainModel.h */ = {isa = PBXFileReference; fileEncoding = 4; lastKnownFileType = sourcecode.c.h; path = IYQMainModel.h; sourceTree = "<group>"; };
		B71558C31DD428C700014DB5 /* IYQMainModel.m */ = {isa = PBXFileReference; fileEncoding = 4; lastKnownFileType = sourcecode.c.objc; path = IYQMainModel.m; sourceTree = "<group>"; };
		B71558C51DD44B0300014DB5 /* IYQBaseViewController.h */ = {isa = PBXFileReference; fileEncoding = 4; lastKnownFileType = sourcecode.c.h; path = IYQBaseViewController.h; sourceTree = "<group>"; };
		B71558C61DD44B0300014DB5 /* IYQBaseViewController.m */ = {isa = PBXFileReference; fileEncoding = 4; lastKnownFileType = sourcecode.c.objc; path = IYQBaseViewController.m; sourceTree = "<group>"; };
		B71558CC1DD5650400014DB5 /* IYQFragmentViewController.h */ = {isa = PBXFileReference; fileEncoding = 4; lastKnownFileType = sourcecode.c.h; path = IYQFragmentViewController.h; sourceTree = "<group>"; };
		B71558CD1DD5650400014DB5 /* IYQFragmentViewController.m */ = {isa = PBXFileReference; fileEncoding = 4; lastKnownFileType = sourcecode.c.objc; path = IYQFragmentViewController.m; sourceTree = "<group>"; };
		B73352041D938E8600321866 /* Default-568h@2x.png */ = {isa = PBXFileReference; lastKnownFileType = image.png; path = "Default-568h@2x.png"; sourceTree = "<group>"; };
		B73A47EE1D55D5C700DDAB31 /* IYQWritingAnimationVC.h */ = {isa = PBXFileReference; fileEncoding = 4; lastKnownFileType = sourcecode.c.h; path = IYQWritingAnimationVC.h; sourceTree = "<group>"; };
		B73A47EF1D55D5C700DDAB31 /* IYQWritingAnimationVC.m */ = {isa = PBXFileReference; fileEncoding = 4; lastKnownFileType = sourcecode.c.objc; path = IYQWritingAnimationVC.m; sourceTree = "<group>"; };
		B73A47F41D55DC1600DDAB31 /* UIBezierPath+YQWriteBezier.h */ = {isa = PBXFileReference; fileEncoding = 4; lastKnownFileType = sourcecode.c.h; path = "UIBezierPath+YQWriteBezier.h"; sourceTree = "<group>"; };
		B73A47F51D55DC1600DDAB31 /* UIBezierPath+YQWriteBezier.m */ = {isa = PBXFileReference; fileEncoding = 4; lastKnownFileType = sourcecode.c.objc; path = "UIBezierPath+YQWriteBezier.m"; sourceTree = "<group>"; };
		B751202C1D5C2A1500D9EA15 /* IYQRadarViewController.h */ = {isa = PBXFileReference; fileEncoding = 4; lastKnownFileType = sourcecode.c.h; path = IYQRadarViewController.h; sourceTree = "<group>"; };
		B751202D1D5C2A1500D9EA15 /* IYQRadarViewController.m */ = {isa = PBXFileReference; fileEncoding = 4; lastKnownFileType = sourcecode.c.objc; path = IYQRadarViewController.m; sourceTree = "<group>"; };
		B75120351D5D7E5F00D9EA15 /* IYQLauchTool.h */ = {isa = PBXFileReference; fileEncoding = 4; lastKnownFileType = sourcecode.c.h; path = IYQLauchTool.h; sourceTree = "<group>"; };
		B75120361D5D7E5F00D9EA15 /* IYQLauchTool.m */ = {isa = PBXFileReference; fileEncoding = 4; lastKnownFileType = sourcecode.c.objc; path = IYQLauchTool.m; sourceTree = "<group>"; };
		B751203E1D5DA6A800D9EA15 /* IYQAnimationView.h */ = {isa = PBXFileReference; fileEncoding = 4; lastKnownFileType = sourcecode.c.h; path = IYQAnimationView.h; sourceTree = "<group>"; };
		B751203F1D5DA6A800D9EA15 /* IYQAnimationView.m */ = {isa = PBXFileReference; fileEncoding = 4; lastKnownFileType = sourcecode.c.objc; path = IYQAnimationView.m; sourceTree = "<group>"; };
		B75120411D5DA6D500D9EA15 /* IYQCircleLayer.h */ = {isa = PBXFileReference; fileEncoding = 4; lastKnownFileType = sourcecode.c.h; path = IYQCircleLayer.h; sourceTree = "<group>"; };
		B75120421D5DA6D500D9EA15 /* IYQCircleLayer.m */ = {isa = PBXFileReference; fileEncoding = 4; lastKnownFileType = sourcecode.c.objc; path = IYQCircleLayer.m; sourceTree = "<group>"; };
		B75120441D5DA99B00D9EA15 /* UIColor+Hex.h */ = {isa = PBXFileReference; fileEncoding = 4; lastKnownFileType = sourcecode.c.h; path = "UIColor+Hex.h"; sourceTree = "<group>"; };
		B75120451D5DA99B00D9EA15 /* UIColor+Hex.m */ = {isa = PBXFileReference; fileEncoding = 4; lastKnownFileType = sourcecode.c.objc; path = "UIColor+Hex.m"; sourceTree = "<group>"; };
		B75120471D5DB59100D9EA15 /* IYQTriangleLayer.h */ = {isa = PBXFileReference; fileEncoding = 4; lastKnownFileType = sourcecode.c.h; path = IYQTriangleLayer.h; sourceTree = "<group>"; };
		B75120481D5DB59100D9EA15 /* IYQTriangleLayer.m */ = {isa = PBXFileReference; fileEncoding = 4; lastKnownFileType = sourcecode.c.objc; path = IYQTriangleLayer.m; sourceTree = "<group>"; };
		B75A3E9B1DE8286200B9CD2E /* IYQUIDynamicVC.h */ = {isa = PBXFileReference; fileEncoding = 4; lastKnownFileType = sourcecode.c.h; path = IYQUIDynamicVC.h; sourceTree = "<group>"; };
		B75A3E9C1DE8286200B9CD2E /* IYQUIDynamicVC.m */ = {isa = PBXFileReference; fileEncoding = 4; lastKnownFileType = sourcecode.c.objc; path = IYQUIDynamicVC.m; sourceTree = "<group>"; };
		B76567771D640F9D00CDC2EA /* IYQFotoMosaikEddaVC.h */ = {isa = PBXFileReference; fileEncoding = 4; lastKnownFileType = sourcecode.c.h; path = IYQFotoMosaikEddaVC.h; sourceTree = "<group>"; };
		B76567781D640F9D00CDC2EA /* IYQFotoMosaikEddaVC.m */ = {isa = PBXFileReference; fileEncoding = 4; lastKnownFileType = sourcecode.c.objc; path = IYQFotoMosaikEddaVC.m; sourceTree = "<group>"; };
		B767CC951D2DFF1B000306D0 /* SummaryAnimation.app */ = {isa = PBXFileReference; explicitFileType = wrapper.application; includeInIndex = 0; path = SummaryAnimation.app; sourceTree = BUILT_PRODUCTS_DIR; };
		B767CC991D2DFF1B000306D0 /* main.m */ = {isa = PBXFileReference; lastKnownFileType = sourcecode.c.objc; path = main.m; sourceTree = "<group>"; };
		B767CC9B1D2DFF1B000306D0 /* AppDelegate.h */ = {isa = PBXFileReference; lastKnownFileType = sourcecode.c.h; path = AppDelegate.h; sourceTree = "<group>"; };
		B767CC9C1D2DFF1B000306D0 /* AppDelegate.m */ = {isa = PBXFileReference; lastKnownFileType = sourcecode.c.objc; path = AppDelegate.m; sourceTree = "<group>"; };
		B767CC9E1D2DFF1B000306D0 /* IYQMainViewController.h */ = {isa = PBXFileReference; lastKnownFileType = sourcecode.c.h; path = IYQMainViewController.h; sourceTree = "<group>"; };
		B767CC9F1D2DFF1B000306D0 /* IYQMainViewController.m */ = {isa = PBXFileReference; lastKnownFileType = sourcecode.c.objc; path = IYQMainViewController.m; sourceTree = "<group>"; };
		B767CCA41D2DFF1B000306D0 /* Assets.xcassets */ = {isa = PBXFileReference; lastKnownFileType = folder.assetcatalog; path = Assets.xcassets; sourceTree = "<group>"; };
		B767CCA91D2DFF1B000306D0 /* Info.plist */ = {isa = PBXFileReference; lastKnownFileType = text.plist.xml; path = Info.plist; sourceTree = "<group>"; };
		B767CCAF1D2E07F5000306D0 /* IYQBaseAnimationVC.h */ = {isa = PBXFileReference; fileEncoding = 4; lastKnownFileType = sourcecode.c.h; path = IYQBaseAnimationVC.h; sourceTree = "<group>"; };
		B767CCB01D2E07F5000306D0 /* IYQBaseAnimationVC.m */ = {isa = PBXFileReference; fileEncoding = 4; lastKnownFileType = sourcecode.c.objc; path = IYQBaseAnimationVC.m; sourceTree = "<group>"; };
		B767CCB21D2F40C3000306D0 /* IYQSuspensionVC.h */ = {isa = PBXFileReference; fileEncoding = 4; lastKnownFileType = sourcecode.c.h; path = IYQSuspensionVC.h; sourceTree = "<group>"; };
		B767CCB31D2F40C3000306D0 /* IYQSuspensionVC.m */ = {isa = PBXFileReference; fileEncoding = 4; lastKnownFileType = sourcecode.c.objc; path = IYQSuspensionVC.m; sourceTree = "<group>"; };
		B767CCB61D2F4A4B000306D0 /* IYQSuspensionBtnView.h */ = {isa = PBXFileReference; fileEncoding = 4; lastKnownFileType = sourcecode.c.h; path = IYQSuspensionBtnView.h; sourceTree = "<group>"; };
		B767CCB71D2F4A4B000306D0 /* IYQSuspensionBtnView.m */ = {isa = PBXFileReference; fileEncoding = 4; lastKnownFileType = sourcecode.c.objc; path = IYQSuspensionBtnView.m; sourceTree = "<group>"; };
		B77DD7DF1DEEBFF100D58E75 /* IYQDynamicDemoVC.h */ = {isa = PBXFileReference; fileEncoding = 4; lastKnownFileType = sourcecode.c.h; path = IYQDynamicDemoVC.h; sourceTree = "<group>"; };
		B77DD7E01DEEBFF100D58E75 /* IYQDynamicDemoVC.m */ = {isa = PBXFileReference; fileEncoding = 4; lastKnownFileType = sourcecode.c.objc; path = IYQDynamicDemoVC.m; sourceTree = "<group>"; };
		B77DD7E21DEEC2BE00D58E75 /* IYQDynamicBaseView.h */ = {isa = PBXFileReference; fileEncoding = 4; lastKnownFileType = sourcecode.c.h; path = IYQDynamicBaseView.h; sourceTree = "<group>"; };
		B77DD7E31DEEC2BE00D58E75 /* IYQDynamicBaseView.m */ = {isa = PBXFileReference; fileEncoding = 4; lastKnownFileType = sourcecode.c.objc; path = IYQDynamicBaseView.m; sourceTree = "<group>"; };
		B77DD7E51DEECFC300D58E75 /* IYQSnapView.h */ = {isa = PBXFileReference; fileEncoding = 4; lastKnownFileType = sourcecode.c.h; path = IYQSnapView.h; sourceTree = "<group>"; };
		B77DD7E61DEECFC300D58E75 /* IYQSnapView.m */ = {isa = PBXFileReference; fileEncoding = 4; lastKnownFileType = sourcecode.c.objc; path = IYQSnapView.m; sourceTree = "<group>"; };
		B77DD7E81DEED1D600D58E75 /* IYQPushView.h */ = {isa = PBXFileReference; fileEncoding = 4; lastKnownFileType = sourcecode.c.h; path = IYQPushView.h; sourceTree = "<group>"; };
		B77DD7E91DEED1D600D58E75 /* IYQPushView.m */ = {isa = PBXFileReference; fileEncoding = 4; lastKnownFileType = sourcecode.c.objc; path = IYQPushView.m; sourceTree = "<group>"; };
		B77DD7EB1DEEE1E700D58E75 /* IYQAttachmentView.h */ = {isa = PBXFileReference; fileEncoding = 4; lastKnownFileType = sourcecode.c.h; path = IYQAttachmentView.h; sourceTree = "<group>"; };
		B77DD7EC1DEEE1E700D58E75 /* IYQAttachmentView.m */ = {isa = PBXFileReference; fileEncoding = 4; lastKnownFileType = sourcecode.c.objc; path = IYQAttachmentView.m; sourceTree = "<group>"; };
		B77DD7EE1DEFBBD200D58E75 /* IYQSpringView.h */ = {isa = PBXFileReference; fileEncoding = 4; lastKnownFileType = sourcecode.c.h; path = IYQSpringView.h; sourceTree = "<group>"; };
		B77DD7EF1DEFBBD200D58E75 /* IYQSpringView.m */ = {isa = PBXFileReference; fileEncoding = 4; lastKnownFileType = sourcecode.c.objc; path = IYQSpringView.m; sourceTree = "<group>"; };
		B77DD7F11DEFBFD300D58E75 /* IYQCollisionView.h */ = {isa = PBXFileReference; fileEncoding = 4; lastKnownFileType = sourcecode.c.h; path = IYQCollisionView.h; sourceTree = "<group>"; };
		B77DD7F21DEFBFD300D58E75 /* IYQCollisionView.m */ = {isa = PBXFileReference; fileEncoding = 4; lastKnownFileType = sourcecode.c.objc; path = IYQCollisionView.m; sourceTree = "<group>"; };
		B77E029A1D41BC4F005C3DB3 /* IYQPraiseViewController.h */ = {isa = PBXFileReference; fileEncoding = 4; lastKnownFileType = sourcecode.c.h; path = IYQPraiseViewController.h; sourceTree = "<group>"; };
		B77E029B1D41BC4F005C3DB3 /* IYQPraiseViewController.m */ = {isa = PBXFileReference; fileEncoding = 4; lastKnownFileType = sourcecode.c.objc; path = IYQPraiseViewController.m; sourceTree = "<group>"; };
		B77E029E1D41C796005C3DB3 /* IYQPraiseBtn.h */ = {isa = PBXFileReference; fileEncoding = 4; lastKnownFileType = sourcecode.c.h; path = IYQPraiseBtn.h; sourceTree = "<group>"; };
		B77E029F1D41C796005C3DB3 /* IYQPraiseBtn.m */ = {isa = PBXFileReference; fileEncoding = 4; lastKnownFileType = sourcecode.c.objc; path = IYQPraiseBtn.m; sourceTree = "<group>"; };
		B7803F3C1D4216BA0079F02A /* IYQLoadAnimationVC.h */ = {isa = PBXFileReference; fileEncoding = 4; lastKnownFileType = sourcecode.c.h; path = IYQLoadAnimationVC.h; sourceTree = "<group>"; };
		B7803F3D1D4216BA0079F02A /* IYQLoadAnimationVC.m */ = {isa = PBXFileReference; fileEncoding = 4; lastKnownFileType = sourcecode.c.objc; path = IYQLoadAnimationVC.m; sourceTree = "<group>"; };
		B7803F3F1D4226370079F02A /* IYQLoadViewOne.h */ = {isa = PBXFileReference; fileEncoding = 4; lastKnownFileType = sourcecode.c.h; path = IYQLoadViewOne.h; sourceTree = "<group>"; };
		B7803F401D4226370079F02A /* IYQLoadViewOne.m */ = {isa = PBXFileReference; fileEncoding = 4; lastKnownFileType = sourcecode.c.objc; path = IYQLoadViewOne.m; sourceTree = "<group>"; };
		B7803F431D4229880079F02A /* IYQTransitionVC.h */ = {isa = PBXFileReference; fileEncoding = 4; lastKnownFileType = sourcecode.c.h; path = IYQTransitionVC.h; sourceTree = "<group>"; };
		B7803F441D4229880079F02A /* IYQTransitionVC.m */ = {isa = PBXFileReference; fileEncoding = 4; lastKnownFileType = sourcecode.c.objc; path = IYQTransitionVC.m; sourceTree = "<group>"; };
		B784DBBA1DE686CA00966F1A /* 1255547-6e54bd07f500e88d.jpeg */ = {isa = PBXFileReference; lastKnownFileType = image.jpeg; path = "1255547-6e54bd07f500e88d.jpeg"; sourceTree = "<group>"; };
		B784DBBC1DE68A2400966F1A /* 1255547-99c1c61130607358.jpeg */ = {isa = PBXFileReference; lastKnownFileType = image.jpeg; path = "1255547-99c1c61130607358.jpeg"; sourceTree = "<group>"; };
		B784DBBE1DE68A2800966F1A /* 1255547-2b7dbc9b577e6d57.jpeg */ = {isa = PBXFileReference; lastKnownFileType = image.jpeg; path = "1255547-2b7dbc9b577e6d57.jpeg"; sourceTree = "<group>"; };
		B7C319A01D62A5DB00EAAB4E /* IYQRectangleLayer.h */ = {isa = PBXFileReference; fileEncoding = 4; lastKnownFileType = sourcecode.c.h; path = IYQRectangleLayer.h; sourceTree = "<group>"; };
		B7C319A11D62A5DB00EAAB4E /* IYQRectangleLayer.m */ = {isa = PBXFileReference; fileEncoding = 4; lastKnownFileType = sourcecode.c.objc; path = IYQRectangleLayer.m; sourceTree = "<group>"; };
		B7C319A31D62ACCE00EAAB4E /* IYQWaterwaveLayer.h */ = {isa = PBXFileReference; fileEncoding = 4; lastKnownFileType = sourcecode.c.h; path = IYQWaterwaveLayer.h; sourceTree = "<group>"; };
		B7C319A41D62ACCE00EAAB4E /* IYQWaterwaveLayer.m */ = {isa = PBXFileReference; fileEncoding = 4; lastKnownFileType = sourcecode.c.objc; path = IYQWaterwaveLayer.m; sourceTree = "<group>"; };
		B7C475971D6BE061001EF150 /* IYQSandClockView.h */ = {isa = PBXFileReference; fileEncoding = 4; lastKnownFileType = sourcecode.c.h; path = IYQSandClockView.h; sourceTree = "<group>"; };
		B7C475981D6BE061001EF150 /* IYQSandClockView.m */ = {isa = PBXFileReference; fileEncoding = 4; lastKnownFileType = sourcecode.c.objc; path = IYQSandClockView.m; sourceTree = "<group>"; };
/* End PBXFileReference section */

/* Begin PBXFrameworksBuildPhase section */
		B767CC921D2DFF1B000306D0 /* Frameworks */ = {
			isa = PBXFrameworksBuildPhase;
			buildActionMask = 2147483647;
			files = (
			);
			runOnlyForDeploymentPostprocessing = 0;
		};
/* End PBXFrameworksBuildPhase section */

/* Begin PBXGroup section */
		B710ABCC1DD5B8BA00E22B1D /* 烟花 */ = {
			isa = PBXGroup;
			children = (
				B710ABCD1DD5B8D700E22B1D /* IYQFireworksViewController.h */,
				B710ABCE1DD5B8D700E22B1D /* IYQFireworksViewController.m */,
			);
			name = "烟花";
			sourceTree = "<group>";
		};
		B71108451DE5821A00D110B7 /* Mask小玩法 */ = {
			isa = PBXGroup;
			children = (
				B71108461DE5825600D110B7 /* IYQMaskVC.h */,
				B71108471DE5825600D110B7 /* IYQMaskVC.m */,
			);
			name = "Mask小玩法";
			sourceTree = "<group>";
		};
		B71108491DE6762200D110B7 /* 贝塞尔曲线精讲 */ = {
			isa = PBXGroup;
			children = (
				B784DBBE1DE68A2800966F1A /* 1255547-2b7dbc9b577e6d57.jpeg */,
				B784DBBC1DE68A2400966F1A /* 1255547-99c1c61130607358.jpeg */,
				B784DBBA1DE686CA00966F1A /* 1255547-6e54bd07f500e88d.jpeg */,
				B711084A1DE6766700D110B7 /* IYQBezierPathVC.h */,
				B711084B1DE6766700D110B7 /* IYQBezierPathVC.m */,
			);
			name = "贝塞尔曲线精讲";
			sourceTree = "<group>";
		};
		B71558991DD4111500014DB5 /* photos */ = {
			isa = PBXGroup;
			children = (
				B715589A1DD4111500014DB5 /* 1.jpg */,
				B715589B1DD4111500014DB5 /* 10.jpg */,
				B715589C1DD4111500014DB5 /* 11.jpg */,
				B715589D1DD4111500014DB5 /* 12.jpg */,
				B715589E1DD4111500014DB5 /* 13.jpg */,
				B715589F1DD4111500014DB5 /* 14.jpg */,
				B71558A01DD4111500014DB5 /* 15.jpg */,
				B71558A11DD4111500014DB5 /* 16.jpg */,
				B71558A21DD4111500014DB5 /* 17.jpg */,
				B71558A31DD4111500014DB5 /* 18.jpg */,
				B71558A41DD4111500014DB5 /* 19.jpg */,
				B71558A51DD4111500014DB5 /* 2.jpg */,
				B71558A61DD4111500014DB5 /* 20.jpg */,
				B71558A71DD4111500014DB5 /* 3.jpg */,
				B71558A81DD4111500014DB5 /* 4.jpg */,
				B71558A91DD4111500014DB5 /* 5.jpg */,
				B71558AA1DD4111500014DB5 /* 6.jpg */,
				B71558AB1DD4111500014DB5 /* 7.jpg */,
				B71558AC1DD4111500014DB5 /* 8.jpg */,
				B71558AD1DD4111500014DB5 /* 9.jpg */,
			);
			path = photos;
			sourceTree = "<group>";
		};
		B71558CB1DD564C300014DB5 /* 碎片过渡 */ = {
			isa = PBXGroup;
			children = (
				B71558CC1DD5650400014DB5 /* IYQFragmentViewController.h */,
				B71558CD1DD5650400014DB5 /* IYQFragmentViewController.m */,
				B710ABC61DD59E0600E22B1D /* IYQCollapseAnimator.h */,
				B710ABC71DD59E0600E22B1D /* IYQCollapseAnimator.m */,
				B710ABC91DD5AABD00E22B1D /* IYQCollapseSecondVC.h */,
				B710ABCA1DD5AABD00E22B1D /* IYQCollapseSecondVC.m */,
			);
			name = "碎片过渡";
			sourceTree = "<group>";
		};
		B73A47ED1D55D18E00DDAB31 /* 写文字 */ = {
			isa = PBXGroup;
			children = (
				B73A47EE1D55D5C700DDAB31 /* IYQWritingAnimationVC.h */,
				B73A47EF1D55D5C700DDAB31 /* IYQWritingAnimationVC.m */,
				B73A47F41D55DC1600DDAB31 /* UIBezierPath+YQWriteBezier.h */,
				B73A47F51D55DC1600DDAB31 /* UIBezierPath+YQWriteBezier.m */,
			);
			name = "写文字";
			sourceTree = "<group>";
		};
		B751202B1D5C29CF00D9EA15 /* 雷达波纹 */ = {
			isa = PBXGroup;
			children = (
				B751202C1D5C2A1500D9EA15 /* IYQRadarViewController.h */,
				B751202D1D5C2A1500D9EA15 /* IYQRadarViewController.m */,
			);
			name = "雷达波纹";
			sourceTree = "<group>";
		};
		B75120341D5D789E00D9EA15 /* 无代码注入启动动画 */ = {
			isa = PBXGroup;
			children = (
				B751203D1D5DA61800D9EA15 /* LauchLayer */,
				B751203C1D5DA60C00D9EA15 /* LauchView */,
				B75120351D5D7E5F00D9EA15 /* IYQLauchTool.h */,
				B75120361D5D7E5F00D9EA15 /* IYQLauchTool.m */,
			);
			name = "无代码注入启动动画";
			sourceTree = "<group>";
		};
		B75120381D5DA21100D9EA15 /* Category */ = {
			isa = PBXGroup;
			children = (
				B75120441D5DA99B00D9EA15 /* UIColor+Hex.h */,
				B75120451D5DA99B00D9EA15 /* UIColor+Hex.m */,
			);
			path = Category;
			sourceTree = "<group>";
		};
		B751203C1D5DA60C00D9EA15 /* LauchView */ = {
			isa = PBXGroup;
			children = (
				B751203E1D5DA6A800D9EA15 /* IYQAnimationView.h */,
				B751203F1D5DA6A800D9EA15 /* IYQAnimationView.m */,
			);
			name = LauchView;
			sourceTree = "<group>";
		};
		B751203D1D5DA61800D9EA15 /* LauchLayer */ = {
			isa = PBXGroup;
			children = (
				B75120411D5DA6D500D9EA15 /* IYQCircleLayer.h */,
				B75120421D5DA6D500D9EA15 /* IYQCircleLayer.m */,
				B75120471D5DB59100D9EA15 /* IYQTriangleLayer.h */,
				B75120481D5DB59100D9EA15 /* IYQTriangleLayer.m */,
				B7C319A01D62A5DB00EAAB4E /* IYQRectangleLayer.h */,
				B7C319A11D62A5DB00EAAB4E /* IYQRectangleLayer.m */,
				B7C319A31D62ACCE00EAAB4E /* IYQWaterwaveLayer.h */,
				B7C319A41D62ACCE00EAAB4E /* IYQWaterwaveLayer.m */,
			);
			name = LauchLayer;
			sourceTree = "<group>";
		};
		B75A3E9A1DE8282000B9CD2E /* UIDynamic重力行为 */ = {
			isa = PBXGroup;
			children = (
				B75A3E9B1DE8286200B9CD2E /* IYQUIDynamicVC.h */,
				B75A3E9C1DE8286200B9CD2E /* IYQUIDynamicVC.m */,
				B77DD7DF1DEEBFF100D58E75 /* IYQDynamicDemoVC.h */,
				B77DD7E01DEEBFF100D58E75 /* IYQDynamicDemoVC.m */,
				B77DD7E21DEEC2BE00D58E75 /* IYQDynamicBaseView.h */,
				B77DD7E31DEEC2BE00D58E75 /* IYQDynamicBaseView.m */,
				B77DD7E51DEECFC300D58E75 /* IYQSnapView.h */,
				B77DD7E61DEECFC300D58E75 /* IYQSnapView.m */,
				B77DD7E81DEED1D600D58E75 /* IYQPushView.h */,
				B77DD7E91DEED1D600D58E75 /* IYQPushView.m */,
				B77DD7EB1DEEE1E700D58E75 /* IYQAttachmentView.h */,
				B77DD7EC1DEEE1E700D58E75 /* IYQAttachmentView.m */,
				B77DD7EE1DEFBBD200D58E75 /* IYQSpringView.h */,
				B77DD7EF1DEFBBD200D58E75 /* IYQSpringView.m */,
				B77DD7F11DEFBFD300D58E75 /* IYQCollisionView.h */,
				B77DD7F21DEFBFD300D58E75 /* IYQCollisionView.m */,
			);
			name = "UIDynamic重力行为";
			sourceTree = "<group>";
		};
		B76567761D640F1500CDC2EA /* 图片拼接 */ = {
			isa = PBXGroup;
			children = (
				B76567771D640F9D00CDC2EA /* IYQFotoMosaikEddaVC.h */,
				B76567781D640F9D00CDC2EA /* IYQFotoMosaikEddaVC.m */,
			);
			name = "图片拼接";
			sourceTree = "<group>";
		};
		B767CC8C1D2DFF1B000306D0 = {
			isa = PBXGroup;
			children = (
				B73352041D938E8600321866 /* Default-568h@2x.png */,
				B767CC971D2DFF1B000306D0 /* SummaryAnimation */,
				B767CC961D2DFF1B000306D0 /* Products */,
			);
			sourceTree = "<group>";
		};
		B767CC961D2DFF1B000306D0 /* Products */ = {
			isa = PBXGroup;
			children = (
				B767CC951D2DFF1B000306D0 /* SummaryAnimation.app */,
			);
			name = Products;
			sourceTree = "<group>";
		};
		B767CC971D2DFF1B000306D0 /* SummaryAnimation */ = {
			isa = PBXGroup;
			children = (
				B75A3E9A1DE8282000B9CD2E /* UIDynamic重力行为 */,
				B71108491DE6762200D110B7 /* 贝塞尔曲线精讲 */,
				B71108451DE5821A00D110B7 /* Mask小玩法 */,
				B710ABCC1DD5B8BA00E22B1D /* 烟花 */,
				B71558CB1DD564C300014DB5 /* 碎片过渡 */,
				B76567761D640F1500CDC2EA /* 图片拼接 */,
				B75120381D5DA21100D9EA15 /* Category */,
				B75120341D5D789E00D9EA15 /* 无代码注入启动动画 */,
				B751202B1D5C29CF00D9EA15 /* 雷达波纹 */,
				B73A47ED1D55D18E00DDAB31 /* 写文字 */,
				B7803F421D4229560079F02A /* 过渡动画集 */,
				B7803F3B1D42168D0079F02A /* 加载动画集 */,
				B77E029D1D41BC5A005C3DB3 /* 点赞 */,
				B77E02991D41BC0C005C3DB3 /* 基础动画 */,
				B767CCB51D2F40D3000306D0 /* 悬浮按钮 */,
				B767CC9B1D2DFF1B000306D0 /* AppDelegate.h */,
				B767CC9C1D2DFF1B000306D0 /* AppDelegate.m */,
				B767CC9E1D2DFF1B000306D0 /* IYQMainViewController.h */,
				B767CC9F1D2DFF1B000306D0 /* IYQMainViewController.m */,
				B71558C51DD44B0300014DB5 /* IYQBaseViewController.h */,
				B71558C61DD44B0300014DB5 /* IYQBaseViewController.m */,
				B71558911DD4048C00014DB5 /* IYQMainCollectionCell.h */,
				B71558921DD4048C00014DB5 /* IYQMainCollectionCell.m */,
				B71558931DD4048C00014DB5 /* IYQMainCollectionCell.xib */,
				B71558961DD405BC00014DB5 /* IYQMainView.h */,
				B71558971DD405BC00014DB5 /* IYQMainView.m */,
				B71558C21DD428C700014DB5 /* IYQMainModel.h */,
				B71558C31DD428C700014DB5 /* IYQMainModel.m */,
				B767CCA41D2DFF1B000306D0 /* Assets.xcassets */,
				B767CCA91D2DFF1B000306D0 /* Info.plist */,
				B767CC981D2DFF1B000306D0 /* Supporting Files */,
			);
			path = SummaryAnimation;
			sourceTree = "<group>";
		};
		B767CC981D2DFF1B000306D0 /* Supporting Files */ = {
			isa = PBXGroup;
			children = (
				B71558991DD4111500014DB5 /* photos */,
				B767CC991D2DFF1B000306D0 /* main.m */,
			);
			name = "Supporting Files";
			sourceTree = "<group>";
		};
		B767CCB51D2F40D3000306D0 /* 悬浮按钮 */ = {
			isa = PBXGroup;
			children = (
				B767CCB21D2F40C3000306D0 /* IYQSuspensionVC.h */,
				B767CCB31D2F40C3000306D0 /* IYQSuspensionVC.m */,
				B767CCB61D2F4A4B000306D0 /* IYQSuspensionBtnView.h */,
				B767CCB71D2F4A4B000306D0 /* IYQSuspensionBtnView.m */,
			);
			name = "悬浮按钮";
			sourceTree = "<group>";
		};
		B77E02991D41BC0C005C3DB3 /* 基础动画 */ = {
			isa = PBXGroup;
			children = (
				B767CCAF1D2E07F5000306D0 /* IYQBaseAnimationVC.h */,
				B767CCB01D2E07F5000306D0 /* IYQBaseAnimationVC.m */,
			);
			name = "基础动画";
			sourceTree = "<group>";
		};
		B77E029D1D41BC5A005C3DB3 /* 点赞 */ = {
			isa = PBXGroup;
			children = (
				B77E029A1D41BC4F005C3DB3 /* IYQPraiseViewController.h */,
				B77E029B1D41BC4F005C3DB3 /* IYQPraiseViewController.m */,
				B77E029E1D41C796005C3DB3 /* IYQPraiseBtn.h */,
				B77E029F1D41C796005C3DB3 /* IYQPraiseBtn.m */,
			);
			name = "点赞";
			sourceTree = "<group>";
		};
		B7803F3B1D42168D0079F02A /* 加载动画集 */ = {
			isa = PBXGroup;
			children = (
				B7803F3C1D4216BA0079F02A /* IYQLoadAnimationVC.h */,
				B7803F3D1D4216BA0079F02A /* IYQLoadAnimationVC.m */,
				B7803F3F1D4226370079F02A /* IYQLoadViewOne.h */,
				B7803F401D4226370079F02A /* IYQLoadViewOne.m */,
				B7C475971D6BE061001EF150 /* IYQSandClockView.h */,
				B7C475981D6BE061001EF150 /* IYQSandClockView.m */,
			);
			name = "加载动画集";
			sourceTree = "<group>";
		};
		B7803F421D4229560079F02A /* 过渡动画集 */ = {
			isa = PBXGroup;
			children = (
				B7803F431D4229880079F02A /* IYQTransitionVC.h */,
				B7803F441D4229880079F02A /* IYQTransitionVC.m */,
			);
			name = "过渡动画集";
			sourceTree = "<group>";
		};
/* End PBXGroup section */

/* Begin PBXNativeTarget section */
		B767CC941D2DFF1B000306D0 /* SummaryAnimation */ = {
			isa = PBXNativeTarget;
			buildConfigurationList = B767CCAC1D2DFF1B000306D0 /* Build configuration list for PBXNativeTarget "SummaryAnimation" */;
			buildPhases = (
				B767CC911D2DFF1B000306D0 /* Sources */,
				B767CC921D2DFF1B000306D0 /* Frameworks */,
				B767CC931D2DFF1B000306D0 /* Resources */,
			);
			buildRules = (
			);
			dependencies = (
			);
			name = SummaryAnimation;
			productName = SummaryAnimation;
			productReference = B767CC951D2DFF1B000306D0 /* SummaryAnimation.app */;
			productType = "com.apple.product-type.application";
		};
/* End PBXNativeTarget section */

/* Begin PBXProject section */
		B767CC8D1D2DFF1B000306D0 /* Project object */ = {
			isa = PBXProject;
			attributes = {
				CLASSPREFIX = IYQ;
				LastUpgradeCheck = 0820;
				ORGANIZATIONNAME = gongyouqiang;
				TargetAttributes = {
					B767CC941D2DFF1B000306D0 = {
						CreatedOnToolsVersion = 7.3.1;
						DevelopmentTeam = 229U5KUWGH;
					};
				};
			};
			buildConfigurationList = B767CC901D2DFF1B000306D0 /* Build configuration list for PBXProject "SummaryAnimation" */;
			compatibilityVersion = "Xcode 3.2";
			developmentRegion = English;
			hasScannedForEncodings = 0;
			knownRegions = (
				en,
				Base,
			);
			mainGroup = B767CC8C1D2DFF1B000306D0;
			productRefGroup = B767CC961D2DFF1B000306D0 /* Products */;
			projectDirPath = "";
			projectRoot = "";
			targets = (
				B767CC941D2DFF1B000306D0 /* SummaryAnimation */,
			);
		};
/* End PBXProject section */

/* Begin PBXResourcesBuildPhase section */
		B767CC931D2DFF1B000306D0 /* Resources */ = {
			isa = PBXResourcesBuildPhase;
			buildActionMask = 2147483647;
			files = (
				B784DBBD1DE68A2400966F1A /* 1255547-99c1c61130607358.jpeg in Resources */,
				B784DBBB1DE686CA00966F1A /* 1255547-6e54bd07f500e88d.jpeg in Resources */,
				B71558C01DD4111500014DB5 /* 8.jpg in Resources */,
				B71558C11DD4111500014DB5 /* 9.jpg in Resources */,
				B784DBBF1DE68A2800966F1A /* 1255547-2b7dbc9b577e6d57.jpeg in Resources */,
				B71558B71DD4111500014DB5 /* 18.jpg in Resources */,
				B71558B31DD4111500014DB5 /* 14.jpg in Resources */,
				B71558AF1DD4111500014DB5 /* 10.jpg in Resources */,
				B71558BF1DD4111500014DB5 /* 7.jpg in Resources */,
				B71558B21DD4111500014DB5 /* 13.jpg in Resources */,
				B71558951DD4048C00014DB5 /* IYQMainCollectionCell.xib in Resources */,
				B71558B11DD4111500014DB5 /* 12.jpg in Resources */,
				B71558BC1DD4111500014DB5 /* 4.jpg in Resources */,
				B71558BB1DD4111500014DB5 /* 3.jpg in Resources */,
				B71558B41DD4111500014DB5 /* 15.jpg in Resources */,
				B71558BA1DD4111500014DB5 /* 20.jpg in Resources */,
				B71558AE1DD4111500014DB5 /* 1.jpg in Resources */,
				B71558B51DD4111500014DB5 /* 16.jpg in Resources */,
				B71558B81DD4111500014DB5 /* 19.jpg in Resources */,
				B71558B01DD4111500014DB5 /* 11.jpg in Resources */,
				B71558BE1DD4111500014DB5 /* 6.jpg in Resources */,
				B71558BD1DD4111500014DB5 /* 5.jpg in Resources */,
				B71558B61DD4111500014DB5 /* 17.jpg in Resources */,
				B71558B91DD4111500014DB5 /* 2.jpg in Resources */,
				B73352051D938E8600321866 /* Default-568h@2x.png in Resources */,
				B767CCA51D2DFF1B000306D0 /* Assets.xcassets in Resources */,
			);
			runOnlyForDeploymentPostprocessing = 0;
		};
/* End PBXResourcesBuildPhase section */

/* Begin PBXSourcesBuildPhase section */
		B767CC911D2DFF1B000306D0 /* Sources */ = {
			isa = PBXSourcesBuildPhase;
			buildActionMask = 2147483647;
			files = (
				B77DD7ED1DEEE1E700D58E75 /* IYQAttachmentView.m in Sources */,
				B77DD7E71DEECFC300D58E75 /* IYQSnapView.m in Sources */,
				B75120431D5DA6D500D9EA15 /* IYQCircleLayer.m in Sources */,
				B77DD7EA1DEED1D600D58E75 /* IYQPushView.m in Sources */,
				B767CCB81D2F4A4B000306D0 /* IYQSuspensionBtnView.m in Sources */,
				B751202E1D5C2A1500D9EA15 /* IYQRadarViewController.m in Sources */,
				B767CCB41D2F40C3000306D0 /* IYQSuspensionVC.m in Sources */,
				B75A3E9D1DE8286200B9CD2E /* IYQUIDynamicVC.m in Sources */,
				B71558C41DD428C700014DB5 /* IYQMainModel.m in Sources */,
				B73A47F61D55DC1600DDAB31 /* UIBezierPath+YQWriteBezier.m in Sources */,
				B7803F451D4229880079F02A /* IYQTransitionVC.m in Sources */,
				B710ABCF1DD5B8D700E22B1D /* IYQFireworksViewController.m in Sources */,
				B77E029C1D41BC4F005C3DB3 /* IYQPraiseViewController.m in Sources */,
				B71558CE1DD5650400014DB5 /* IYQFragmentViewController.m in Sources */,
				B7803F411D4226370079F02A /* IYQLoadViewOne.m in Sources */,
				B75120371D5D7E5F00D9EA15 /* IYQLauchTool.m in Sources */,
				B7803F3E1D4216BA0079F02A /* IYQLoadAnimationVC.m in Sources */,
				B73A47F01D55D5C700DDAB31 /* IYQWritingAnimationVC.m in Sources */,
				B7C319A51D62ACCE00EAAB4E /* IYQWaterwaveLayer.m in Sources */,
				B710ABC81DD59E0600E22B1D /* IYQCollapseAnimator.m in Sources */,
				B71558981DD405BC00014DB5 /* IYQMainView.m in Sources */,
				B767CCA01D2DFF1B000306D0 /* IYQMainViewController.m in Sources */,
				B75120401D5DA6A800D9EA15 /* IYQAnimationView.m in Sources */,
				B71558941DD4048C00014DB5 /* IYQMainCollectionCell.m in Sources */,
				B77DD7E41DEEC2BE00D58E75 /* IYQDynamicBaseView.m in Sources */,
				B77DD7E11DEEBFF100D58E75 /* IYQDynamicDemoVC.m in Sources */,
				B75120461D5DA99B00D9EA15 /* UIColor+Hex.m in Sources */,
				B77DD7F01DEFBBD200D58E75 /* IYQSpringView.m in Sources */,
				B77E02A01D41C796005C3DB3 /* IYQPraiseBtn.m in Sources */,
				B710ABCB1DD5AABD00E22B1D /* IYQCollapseSecondVC.m in Sources */,
				B76567791D640F9D00CDC2EA /* IYQFotoMosaikEddaVC.m in Sources */,
				B71558C71DD44B0300014DB5 /* IYQBaseViewController.m in Sources */,
				B7C475991D6BE061001EF150 /* IYQSandClockView.m in Sources */,
				B711084C1DE6766700D110B7 /* IYQBezierPathVC.m in Sources */,
				B767CC9D1D2DFF1B000306D0 /* AppDelegate.m in Sources */,
				B767CCB11D2E07F5000306D0 /* IYQBaseAnimationVC.m in Sources */,
				B7C319A21D62A5DB00EAAB4E /* IYQRectangleLayer.m in Sources */,
				B767CC9A1D2DFF1B000306D0 /* main.m in Sources */,
				B71108481DE5825600D110B7 /* IYQMaskVC.m in Sources */,
				B75120491D5DB59100D9EA15 /* IYQTriangleLayer.m in Sources */,
				B77DD7F31DEFBFD300D58E75 /* IYQCollisionView.m in Sources */,
			);
			runOnlyForDeploymentPostprocessing = 0;
		};
/* End PBXSourcesBuildPhase section */

/* Begin XCBuildConfiguration section */
		B767CCAA1D2DFF1B000306D0 /* Debug */ = {
			isa = XCBuildConfiguration;
			buildSettings = {
				ALWAYS_SEARCH_USER_PATHS = NO;
				CLANG_ANALYZER_NONNULL = YES;
				CLANG_CXX_LANGUAGE_STANDARD = "gnu++0x";
				CLANG_CXX_LIBRARY = "libc++";
				CLANG_ENABLE_MODULES = YES;
				CLANG_ENABLE_OBJC_ARC = YES;
				CLANG_WARN_BOOL_CONVERSION = YES;
				CLANG_WARN_CONSTANT_CONVERSION = YES;
				CLANG_WARN_DIRECT_OBJC_ISA_USAGE = YES_ERROR;
				CLANG_WARN_EMPTY_BODY = YES;
				CLANG_WARN_ENUM_CONVERSION = YES;
				CLANG_WARN_INFINITE_RECURSION = YES;
				CLANG_WARN_INT_CONVERSION = YES;
				CLANG_WARN_OBJC_ROOT_CLASS = YES_ERROR;
				CLANG_WARN_SUSPICIOUS_MOVE = YES;
				CLANG_WARN_UNREACHABLE_CODE = YES;
				CLANG_WARN__DUPLICATE_METHOD_MATCH = YES;
				"CODE_SIGN_IDENTITY[sdk=iphoneos*]" = "iPhone Developer";
				COPY_PHASE_STRIP = NO;
				DEBUG_INFORMATION_FORMAT = dwarf;
				ENABLE_STRICT_OBJC_MSGSEND = YES;
				ENABLE_TESTABILITY = YES;
				GCC_C_LANGUAGE_STANDARD = gnu99;
				GCC_DYNAMIC_NO_PIC = NO;
				GCC_NO_COMMON_BLOCKS = YES;
				GCC_OPTIMIZATION_LEVEL = 0;
				GCC_PREPROCESSOR_DEFINITIONS = (
					"DEBUG=1",
					"$(inherited)",
				);
				GCC_WARN_64_TO_32_BIT_CONVERSION = YES;
				GCC_WARN_ABOUT_RETURN_TYPE = YES_ERROR;
				GCC_WARN_UNDECLARED_SELECTOR = YES;
				GCC_WARN_UNINITIALIZED_AUTOS = YES_AGGRESSIVE;
				GCC_WARN_UNUSED_FUNCTION = YES;
				GCC_WARN_UNUSED_VARIABLE = YES;
				IPHONEOS_DEPLOYMENT_TARGET = 9.3;
				MTL_ENABLE_DEBUG_INFO = YES;
				ONLY_ACTIVE_ARCH = YES;
				SDKROOT = iphoneos;
			};
			name = Debug;
		};
		B767CCAB1D2DFF1B000306D0 /* Release */ = {
			isa = XCBuildConfiguration;
			buildSettings = {
				ALWAYS_SEARCH_USER_PATHS = NO;
				CLANG_ANALYZER_NONNULL = YES;
				CLANG_CXX_LANGUAGE_STANDARD = "gnu++0x";
				CLANG_CXX_LIBRARY = "libc++";
				CLANG_ENABLE_MODULES = YES;
				CLANG_ENABLE_OBJC_ARC = YES;
				CLANG_WARN_BOOL_CONVERSION = YES;
				CLANG_WARN_CONSTANT_CONVERSION = YES;
				CLANG_WARN_DIRECT_OBJC_ISA_USAGE = YES_ERROR;
				CLANG_WARN_EMPTY_BODY = YES;
				CLANG_WARN_ENUM_CONVERSION = YES;
				CLANG_WARN_INFINITE_RECURSION = YES;
				CLANG_WARN_INT_CONVERSION = YES;
				CLANG_WARN_OBJC_ROOT_CLASS = YES_ERROR;
				CLANG_WARN_SUSPICIOUS_MOVE = YES;
				CLANG_WARN_UNREACHABLE_CODE = YES;
				CLANG_WARN__DUPLICATE_METHOD_MATCH = YES;
				"CODE_SIGN_IDENTITY[sdk=iphoneos*]" = "iPhone Developer";
				COPY_PHASE_STRIP = NO;
				DEBUG_INFORMATION_FORMAT = "dwarf-with-dsym";
				ENABLE_NS_ASSERTIONS = NO;
				ENABLE_STRICT_OBJC_MSGSEND = YES;
				GCC_C_LANGUAGE_STANDARD = gnu99;
				GCC_NO_COMMON_BLOCKS = YES;
				GCC_WARN_64_TO_32_BIT_CONVERSION = YES;
				GCC_WARN_ABOUT_RETURN_TYPE = YES_ERROR;
				GCC_WARN_UNDECLARED_SELECTOR = YES;
				GCC_WARN_UNINITIALIZED_AUTOS = YES_AGGRESSIVE;
				GCC_WARN_UNUSED_FUNCTION = YES;
				GCC_WARN_UNUSED_VARIABLE = YES;
				IPHONEOS_DEPLOYMENT_TARGET = 9.3;
				MTL_ENABLE_DEBUG_INFO = NO;
				SDKROOT = iphoneos;
				VALIDATE_PRODUCT = YES;
			};
			name = Release;
		};
		B767CCAD1D2DFF1B000306D0 /* Debug */ = {
			isa = XCBuildConfiguration;
			buildSettings = {
				ASSETCATALOG_COMPILER_APPICON_NAME = AppIcon;
				CODE_SIGN_IDENTITY = "iPhone Developer: she zhideng (CRFREY3P5P)";
				INFOPLIST_FILE = SummaryAnimation/Info.plist;
				IPHONEOS_DEPLOYMENT_TARGET = 8.0;
				LD_RUNPATH_SEARCH_PATHS = "$(inherited) @executable_path/Frameworks";
				PRODUCT_BUNDLE_IDENTIFIER = com.iyouqiang.SummaryAnimation;
				PRODUCT_NAME = "$(TARGET_NAME)";
				PROVISIONING_PROFILE = "e0304ed1-6386-4d26-96b0-6aff9c0ff12e";
			};
			name = Debug;
		};
		B767CCAE1D2DFF1B000306D0 /* Release */ = {
			isa = XCBuildConfiguration;
			buildSettings = {
				ASSETCATALOG_COMPILER_APPICON_NAME = AppIcon;
				CODE_SIGN_IDENTITY = "iPhone Developer: she zhideng (CRFREY3P5P)";
				INFOPLIST_FILE = SummaryAnimation/Info.plist;
				IPHONEOS_DEPLOYMENT_TARGET = 8.0;
				LD_RUNPATH_SEARCH_PATHS = "$(inherited) @executable_path/Frameworks";
				PRODUCT_BUNDLE_IDENTIFIER = com.iyouqiang.SummaryAnimation;
				PRODUCT_NAME = "$(TARGET_NAME)";
				PROVISIONING_PROFILE = "e0304ed1-6386-4d26-96b0-6aff9c0ff12e";
			};
			name = Release;
		};
/* End XCBuildConfiguration section */

/* Begin XCConfigurationList section */
		B767CC901D2DFF1B000306D0 /* Build configuration list for PBXProject "SummaryAnimation" */ = {
			isa = XCConfigurationList;
			buildConfigurations = (
				B767CCAA1D2DFF1B000306D0 /* Debug */,
				B767CCAB1D2DFF1B000306D0 /* Release */,
			);
			defaultConfigurationIsVisible = 0;
			defaultConfigurationName = Release;
		};
		B767CCAC1D2DFF1B000306D0 /* Build configuration list for PBXNativeTarget "SummaryAnimation" */ = {
			isa = XCConfigurationList;
			buildConfigurations = (
				B767CCAD1D2DFF1B000306D0 /* Debug */,
				B767CCAE1D2DFF1B000306D0 /* Release */,
			);
			defaultConfigurationIsVisible = 0;
			defaultConfigurationName = Release;
		};
/* End XCConfigurationList section */
	};
	rootObject = B767CC8D1D2DFF1B000306D0 /* Project object */;
}
